
Microsoft Visual Studio Solution File, Format Version 12.00
# Visual Studio Version 16
VisualStudioVersion = 16.0.29613.14
MinimumVisualStudioVersion = 15.0.26124.0
Project("{9A19103F-16F7-4668-BE54-9A1E7A4F7556}") = "Logger", "Logger\Logger.csproj", "{55AE3294-F228-468E-9D62-F2BAAFD40918}"
EndProject
Project("{9A19103F-16F7-4668-BE54-9A1E7A4F7556}") = "ServerHost", "ServerHost\ServerHost.csproj", "{A55BC18A-E465-4516-98C5-26D814536907}"
EndProject
Project("{9A19103F-16F7-4668-BE54-9A1E7A4F7556}") = "WasmHost", "WasmHost\WasmHost.csproj", "{C9941BB9-0C56-45C4-B54C-3755A868DA0D}"
EndProject
Project("{2150E333-8FDC-42A3-9474-1A3956D46DE8}") = "Solution Items", "Solution Items", "{02660401-5C19-4019-9294-1928A4EE6A62}"
	ProjectSection(SolutionItems) = preProject
		Directory.Build.props = Directory.Build.props
		Directory.Build.targets = Directory.Build.targets
		LocalNugetVersion.props = LocalNugetVersion.props
		MissingLibraryError.props = MissingLibraryError.props
		NuGet.Config = NuGet.Config
	EndProjectSection
EndProject
Project("{2150E333-8FDC-42A3-9474-1A3956D46DE8}") = "BlazorLazyLoading", "BlazorLazyLoading", "{2DFA918F-9417-49B8-9FDA-E2231179978C}"
EndProject
Project("{9A19103F-16F7-4668-BE54-9A1E7A4F7556}") = "BlazorLazyLoading.Module", "..\src\nuget\BlazorLazyLoading.Module\BlazorLazyLoading.Module.csproj", "{E3E28F5C-3F96-4634-9528-10C23F2478DF}"
EndProject
Project("{9A19103F-16F7-4668-BE54-9A1E7A4F7556}") = "BlazorLazyLoading.Server", "..\src\nuget\BlazorLazyLoading.Server\BlazorLazyLoading.Server.csproj", "{6C5945E8-44F9-4898-AB78-FF0D85F5515B}"
EndProject
Project("{9A19103F-16F7-4668-BE54-9A1E7A4F7556}") = "BlazorLazyLoading.Wasm", "..\src\nuget\BlazorLazyLoading.Wasm\BlazorLazyLoading.Wasm.csproj", "{B78FC2FE-F107-49AB-95FC-E7F4559C879A}"
EndProject
Project("{9A19103F-16F7-4668-BE54-9A1E7A4F7556}") = "BlazorLazyLoading.Components", "..\src\nuget\BlazorLazyLoading.Components\BlazorLazyLoading.Components.csproj", "{83419656-8137-4AEB-9A5B-74C7B85621F6}"
EndProject
Project("{9A19103F-16F7-4668-BE54-9A1E7A4F7556}") = "ModulesHost", "ModulesHost\ModulesHost.csproj", "{9B062109-5E21-46CD-BDD1-315529E585E8}"
EndProject
Project("{2150E333-8FDC-42A3-9474-1A3956D46DE8}") = "Demo", "Demo", "{2587AE99-7624-47E4-B6B8-79EC67346F67}"
EndProject
Project("{2150E333-8FDC-42A3-9474-1A3956D46DE8}") = "Hosts", "Hosts", "{E503BF43-DE57-4DB6-AF93-A5F765C94154}"
EndProject
Project("{2150E333-8FDC-42A3-9474-1A3956D46DE8}") = "LazyAreas", "LazyAreas", "{566D14F1-B2FB-463C-A627-C5EB23B763B7}"
EndProject
Project("{9A19103F-16F7-4668-BE54-9A1E7A4F7556}") = "Core", "Core\Core.csproj", "{DB1AE536-72C2-4CCD-A7D9-0A79AAEEDA54}"
EndProject
Project("{9A19103F-16F7-4668-BE54-9A1E7A4F7556}") = "LazyComponentFromNuget", "LazyAreas\LazyComponentFromNuget\LazyComponentFromNuget.csproj", "{A4D17AA8-D918-45FD-9CCA-3FC5ECCDBD97}"
EndProject
Project("{2150E333-8FDC-42A3-9474-1A3956D46DE8}") = "Imports", "Imports", "{7B174F1E-2091-4D48-9111-B52531C1B865}"
	ProjectSection(SolutionItems) = preProject
		BlazorLazyLoading.Components.props = BlazorLazyLoading.Components.props
		BlazorLazyLoading.Module.props = BlazorLazyLoading.Module.props
		BlazorLazyLoading.Server.props = BlazorLazyLoading.Server.props
		BlazorLazyLoading.Wasm.props = BlazorLazyLoading.Wasm.props
	EndProjectSection
EndProject
Project("{9A19103F-16F7-4668-BE54-9A1E7A4F7556}") = "AssemblyWithStartup", "LazyAreas\AssemblyWithStartup\AssemblyWithStartup.csproj", "{DC9D8A4E-6491-4BC1-886C-C2DA94927786}"
EndProject
Global
	GlobalSection(SolutionConfigurationPlatforms) = preSolution
		Debug|Any CPU = Debug|Any CPU
		Debug|x64 = Debug|x64
		Debug|x86 = Debug|x86
		Release|Any CPU = Release|Any CPU
		Release|x64 = Release|x64
		Release|x86 = Release|x86
	EndGlobalSection
	GlobalSection(ProjectConfigurationPlatforms) = postSolution
		{55AE3294-F228-468E-9D62-F2BAAFD40918}.Debug|Any CPU.ActiveCfg = Debug|Any CPU
		{55AE3294-F228-468E-9D62-F2BAAFD40918}.Debug|Any CPU.Build.0 = Debug|Any CPU
		{55AE3294-F228-468E-9D62-F2BAAFD40918}.Debug|x64.ActiveCfg = Debug|Any CPU
		{55AE3294-F228-468E-9D62-F2BAAFD40918}.Debug|x64.Build.0 = Debug|Any CPU
		{55AE3294-F228-468E-9D62-F2BAAFD40918}.Debug|x86.ActiveCfg = Debug|Any CPU
		{55AE3294-F228-468E-9D62-F2BAAFD40918}.Debug|x86.Build.0 = Debug|Any CPU
		{55AE3294-F228-468E-9D62-F2BAAFD40918}.Release|Any CPU.ActiveCfg = Release|Any CPU
		{55AE3294-F228-468E-9D62-F2BAAFD40918}.Release|Any CPU.Build.0 = Release|Any CPU
		{55AE3294-F228-468E-9D62-F2BAAFD40918}.Release|x64.ActiveCfg = Release|Any CPU
		{55AE3294-F228-468E-9D62-F2BAAFD40918}.Release|x64.Build.0 = Release|Any CPU
		{55AE3294-F228-468E-9D62-F2BAAFD40918}.Release|x86.ActiveCfg = Release|Any CPU
		{55AE3294-F228-468E-9D62-F2BAAFD40918}.Release|x86.Build.0 = Release|Any CPU
		{A55BC18A-E465-4516-98C5-26D814536907}.Debug|Any CPU.ActiveCfg = Debug|Any CPU
		{A55BC18A-E465-4516-98C5-26D814536907}.Debug|Any CPU.Build.0 = Debug|Any CPU
		{A55BC18A-E465-4516-98C5-26D814536907}.Debug|x64.ActiveCfg = Debug|Any CPU
		{A55BC18A-E465-4516-98C5-26D814536907}.Debug|x64.Build.0 = Debug|Any CPU
		{A55BC18A-E465-4516-98C5-26D814536907}.Debug|x86.ActiveCfg = Debug|Any CPU
		{A55BC18A-E465-4516-98C5-26D814536907}.Debug|x86.Build.0 = Debug|Any CPU
		{A55BC18A-E465-4516-98C5-26D814536907}.Release|Any CPU.ActiveCfg = Release|Any CPU
		{A55BC18A-E465-4516-98C5-26D814536907}.Release|Any CPU.Build.0 = Release|Any CPU
		{A55BC18A-E465-4516-98C5-26D814536907}.Release|x64.ActiveCfg = Release|Any CPU
		{A55BC18A-E465-4516-98C5-26D814536907}.Release|x64.Build.0 = Release|Any CPU
		{A55BC18A-E465-4516-98C5-26D814536907}.Release|x86.ActiveCfg = Release|Any CPU
		{A55BC18A-E465-4516-98C5-26D814536907}.Release|x86.Build.0 = Release|Any CPU
		{C9941BB9-0C56-45C4-B54C-3755A868DA0D}.Debug|Any CPU.ActiveCfg = Debug|Any CPU
		{C9941BB9-0C56-45C4-B54C-3755A868DA0D}.Debug|Any CPU.Build.0 = Debug|Any CPU
		{C9941BB9-0C56-45C4-B54C-3755A868DA0D}.Debug|x64.ActiveCfg = Debug|Any CPU
		{C9941BB9-0C56-45C4-B54C-3755A868DA0D}.Debug|x64.Build.0 = Debug|Any CPU
		{C9941BB9-0C56-45C4-B54C-3755A868DA0D}.Debug|x86.ActiveCfg = Debug|Any CPU
		{C9941BB9-0C56-45C4-B54C-3755A868DA0D}.Debug|x86.Build.0 = Debug|Any CPU
		{C9941BB9-0C56-45C4-B54C-3755A868DA0D}.Release|Any CPU.ActiveCfg = Release|Any CPU
		{C9941BB9-0C56-45C4-B54C-3755A868DA0D}.Release|Any CPU.Build.0 = Release|Any CPU
		{C9941BB9-0C56-45C4-B54C-3755A868DA0D}.Release|x64.ActiveCfg = Release|Any CPU
		{C9941BB9-0C56-45C4-B54C-3755A868DA0D}.Release|x64.Build.0 = Release|Any CPU
		{C9941BB9-0C56-45C4-B54C-3755A868DA0D}.Release|x86.ActiveCfg = Release|Any CPU
		{C9941BB9-0C56-45C4-B54C-3755A868DA0D}.Release|x86.Build.0 = Release|Any CPU
		{E3E28F5C-3F96-4634-9528-10C23F2478DF}.Debug|Any CPU.ActiveCfg = Debug|Any CPU
		{E3E28F5C-3F96-4634-9528-10C23F2478DF}.Debug|Any CPU.Build.0 = Debug|Any CPU
		{E3E28F5C-3F96-4634-9528-10C23F2478DF}.Debug|x64.ActiveCfg = Debug|Any CPU
		{E3E28F5C-3F96-4634-9528-10C23F2478DF}.Debug|x64.Build.0 = Debug|Any CPU
		{E3E28F5C-3F96-4634-9528-10C23F2478DF}.Debug|x86.ActiveCfg = Debug|Any CPU
		{E3E28F5C-3F96-4634-9528-10C23F2478DF}.Debug|x86.Build.0 = Debug|Any CPU
		{E3E28F5C-3F96-4634-9528-10C23F2478DF}.Release|Any CPU.ActiveCfg = Release|Any CPU
		{E3E28F5C-3F96-4634-9528-10C23F2478DF}.Release|Any CPU.Build.0 = Release|Any CPU
		{E3E28F5C-3F96-4634-9528-10C23F2478DF}.Release|x64.ActiveCfg = Release|Any CPU
		{E3E28F5C-3F96-4634-9528-10C23F2478DF}.Release|x64.Build.0 = Release|Any CPU
		{E3E28F5C-3F96-4634-9528-10C23F2478DF}.Release|x86.ActiveCfg = Release|Any CPU
		{E3E28F5C-3F96-4634-9528-10C23F2478DF}.Release|x86.Build.0 = Release|Any CPU
		{6C5945E8-44F9-4898-AB78-FF0D85F5515B}.Debug|Any CPU.ActiveCfg = Debug|Any CPU
		{6C5945E8-44F9-4898-AB78-FF0D85F5515B}.Debug|Any CPU.Build.0 = Debug|Any CPU
		{6C5945E8-44F9-4898-AB78-FF0D85F5515B}.Debug|x64.ActiveCfg = Debug|Any CPU
		{6C5945E8-44F9-4898-AB78-FF0D85F5515B}.Debug|x64.Build.0 = Debug|Any CPU
		{6C5945E8-44F9-4898-AB78-FF0D85F5515B}.Debug|x86.ActiveCfg = Debug|Any CPU
		{6C5945E8-44F9-4898-AB78-FF0D85F5515B}.Debug|x86.Build.0 = Debug|Any CPU
		{6C5945E8-44F9-4898-AB78-FF0D85F5515B}.Release|Any CPU.ActiveCfg = Release|Any CPU
		{6C5945E8-44F9-4898-AB78-FF0D85F5515B}.Release|Any CPU.Build.0 = Release|Any CPU
		{6C5945E8-44F9-4898-AB78-FF0D85F5515B}.Release|x64.ActiveCfg = Release|Any CPU
		{6C5945E8-44F9-4898-AB78-FF0D85F5515B}.Release|x64.Build.0 = Release|Any CPU
		{6C5945E8-44F9-4898-AB78-FF0D85F5515B}.Release|x86.ActiveCfg = Release|Any CPU
		{6C5945E8-44F9-4898-AB78-FF0D85F5515B}.Release|x86.Build.0 = Release|Any CPU
		{B78FC2FE-F107-49AB-95FC-E7F4559C879A}.Debug|Any CPU.ActiveCfg = Debug|Any CPU
		{B78FC2FE-F107-49AB-95FC-E7F4559C879A}.Debug|Any CPU.Build.0 = Debug|Any CPU
		{B78FC2FE-F107-49AB-95FC-E7F4559C879A}.Debug|x64.ActiveCfg = Debug|Any CPU
		{B78FC2FE-F107-49AB-95FC-E7F4559C879A}.Debug|x64.Build.0 = Debug|Any CPU
		{B78FC2FE-F107-49AB-95FC-E7F4559C879A}.Debug|x86.ActiveCfg = Debug|Any CPU
		{B78FC2FE-F107-49AB-95FC-E7F4559C879A}.Debug|x86.Build.0 = Debug|Any CPU
		{B78FC2FE-F107-49AB-95FC-E7F4559C879A}.Release|Any CPU.ActiveCfg = Release|Any CPU
		{B78FC2FE-F107-49AB-95FC-E7F4559C879A}.Release|Any CPU.Build.0 = Release|Any CPU
		{B78FC2FE-F107-49AB-95FC-E7F4559C879A}.Release|x64.ActiveCfg = Release|Any CPU
		{B78FC2FE-F107-49AB-95FC-E7F4559C879A}.Release|x64.Build.0 = Release|Any CPU
		{B78FC2FE-F107-49AB-95FC-E7F4559C879A}.Release|x86.ActiveCfg = Release|Any CPU
		{B78FC2FE-F107-49AB-95FC-E7F4559C879A}.Release|x86.Build.0 = Release|Any CPU
		{83419656-8137-4AEB-9A5B-74C7B85621F6}.Debug|Any CPU.ActiveCfg = Debug|Any CPU
		{83419656-8137-4AEB-9A5B-74C7B85621F6}.Debug|Any CPU.Build.0 = Debug|Any CPU
		{83419656-8137-4AEB-9A5B-74C7B85621F6}.Debug|x64.ActiveCfg = Debug|Any CPU
		{83419656-8137-4AEB-9A5B-74C7B85621F6}.Debug|x64.Build.0 = Debug|Any CPU
		{83419656-8137-4AEB-9A5B-74C7B85621F6}.Debug|x86.ActiveCfg = Debug|Any CPU
		{83419656-8137-4AEB-9A5B-74C7B85621F6}.Debug|x86.Build.0 = Debug|Any CPU
		{83419656-8137-4AEB-9A5B-74C7B85621F6}.Release|Any CPU.ActiveCfg = Release|Any CPU
		{83419656-8137-4AEB-9A5B-74C7B85621F6}.Release|Any CPU.Build.0 = Release|Any CPU
		{83419656-8137-4AEB-9A5B-74C7B85621F6}.Release|x64.ActiveCfg = Release|Any CPU
		{83419656-8137-4AEB-9A5B-74C7B85621F6}.Release|x64.Build.0 = Release|Any CPU
		{83419656-8137-4AEB-9A5B-74C7B85621F6}.Release|x86.ActiveCfg = Release|Any CPU
		{83419656-8137-4AEB-9A5B-74C7B85621F6}.Release|x86.Build.0 = Release|Any CPU
		{9B062109-5E21-46CD-BDD1-315529E585E8}.Debug|Any CPU.ActiveCfg = Debug|Any CPU
		{9B062109-5E21-46CD-BDD1-315529E585E8}.Debug|Any CPU.Build.0 = Debug|Any CPU
		{9B062109-5E21-46CD-BDD1-315529E585E8}.Debug|x64.ActiveCfg = Debug|Any CPU
		{9B062109-5E21-46CD-BDD1-315529E585E8}.Debug|x64.Build.0 = Debug|Any CPU
		{9B062109-5E21-46CD-BDD1-315529E585E8}.Debug|x86.ActiveCfg = Debug|Any CPU
		{9B062109-5E21-46CD-BDD1-315529E585E8}.Debug|x86.Build.0 = Debug|Any CPU
		{9B062109-5E21-46CD-BDD1-315529E585E8}.Release|Any CPU.ActiveCfg = Release|Any CPU
		{9B062109-5E21-46CD-BDD1-315529E585E8}.Release|Any CPU.Build.0 = Release|Any CPU
		{9B062109-5E21-46CD-BDD1-315529E585E8}.Release|x64.ActiveCfg = Release|Any CPU
		{9B062109-5E21-46CD-BDD1-315529E585E8}.Release|x64.Build.0 = Release|Any CPU
		{9B062109-5E21-46CD-BDD1-315529E585E8}.Release|x86.ActiveCfg = Release|Any CPU
		{9B062109-5E21-46CD-BDD1-315529E585E8}.Release|x86.Build.0 = Release|Any CPU
		{DB1AE536-72C2-4CCD-A7D9-0A79AAEEDA54}.Debug|Any CPU.ActiveCfg = Debug|Any CPU
		{DB1AE536-72C2-4CCD-A7D9-0A79AAEEDA54}.Debug|Any CPU.Build.0 = Debug|Any CPU
		{DB1AE536-72C2-4CCD-A7D9-0A79AAEEDA54}.Debug|x64.ActiveCfg = Debug|Any CPU
		{DB1AE536-72C2-4CCD-A7D9-0A79AAEEDA54}.Debug|x64.Build.0 = Debug|Any CPU
		{DB1AE536-72C2-4CCD-A7D9-0A79AAEEDA54}.Debug|x86.ActiveCfg = Debug|Any CPU
		{DB1AE536-72C2-4CCD-A7D9-0A79AAEEDA54}.Debug|x86.Build.0 = Debug|Any CPU
		{DB1AE536-72C2-4CCD-A7D9-0A79AAEEDA54}.Release|Any CPU.ActiveCfg = Release|Any CPU
		{DB1AE536-72C2-4CCD-A7D9-0A79AAEEDA54}.Release|Any CPU.Build.0 = Release|Any CPU
		{DB1AE536-72C2-4CCD-A7D9-0A79AAEEDA54}.Release|x64.ActiveCfg = Release|Any CPU
		{DB1AE536-72C2-4CCD-A7D9-0A79AAEEDA54}.Release|x64.Build.0 = Release|Any CPU
		{DB1AE536-72C2-4CCD-A7D9-0A79AAEEDA54}.Release|x86.ActiveCfg = Release|Any CPU
		{DB1AE536-72C2-4CCD-A7D9-0A79AAEEDA54}.Release|x86.Build.0 = Release|Any CPU
		{A4D17AA8-D918-45FD-9CCA-3FC5ECCDBD97}.Debug|Any CPU.ActiveCfg = Debug|Any CPU
		{A4D17AA8-D918-45FD-9CCA-3FC5ECCDBD97}.Debug|Any CPU.Build.0 = Debug|Any CPU
		{A4D17AA8-D918-45FD-9CCA-3FC5ECCDBD97}.Debug|x64.ActiveCfg = Debug|Any CPU
		{A4D17AA8-D918-45FD-9CCA-3FC5ECCDBD97}.Debug|x64.Build.0 = Debug|Any CPU
		{A4D17AA8-D918-45FD-9CCA-3FC5ECCDBD97}.Debug|x86.ActiveCfg = Debug|Any CPU
		{A4D17AA8-D918-45FD-9CCA-3FC5ECCDBD97}.Debug|x86.Build.0 = Debug|Any CPU
		{A4D17AA8-D918-45FD-9CCA-3FC5ECCDBD97}.Release|Any CPU.ActiveCfg = Release|Any CPU
		{A4D17AA8-D918-45FD-9CCA-3FC5ECCDBD97}.Release|Any CPU.Build.0 = Release|Any CPU
		{A4D17AA8-D918-45FD-9CCA-3FC5ECCDBD97}.Release|x64.ActiveCfg = Release|Any CPU
		{A4D17AA8-D918-45FD-9CCA-3FC5ECCDBD97}.Release|x64.Build.0 = Release|Any CPU
		{A4D17AA8-D918-45FD-9CCA-3FC5ECCDBD97}.Release|x86.ActiveCfg = Release|Any CPU
		{A4D17AA8-D918-45FD-9CCA-3FC5ECCDBD97}.Release|x86.Build.0 = Release|Any CPU
		{DC9D8A4E-6491-4BC1-886C-C2DA94927786}.Debug|Any CPU.ActiveCfg = Debug|Any CPU
		{DC9D8A4E-6491-4BC1-886C-C2DA94927786}.Debug|Any CPU.Build.0 = Debug|Any CPU
		{DC9D8A4E-6491-4BC1-886C-C2DA94927786}.Debug|x64.ActiveCfg = Debug|Any CPU
		{DC9D8A4E-6491-4BC1-886C-C2DA94927786}.Debug|x64.Build.0 = Debug|Any CPU
		{DC9D8A4E-6491-4BC1-886C-C2DA94927786}.Debug|x86.ActiveCfg = Debug|Any CPU
		{DC9D8A4E-6491-4BC1-886C-C2DA94927786}.Debug|x86.Build.0 = Debug|Any CPU
		{DC9D8A4E-6491-4BC1-886C-C2DA94927786}.Release|Any CPU.ActiveCfg = Release|Any CPU
		{DC9D8A4E-6491-4BC1-886C-C2DA94927786}.Release|Any CPU.Build.0 = Release|Any CPU
		{DC9D8A4E-6491-4BC1-886C-C2DA94927786}.Release|x64.ActiveCfg = Release|Any CPU
		{DC9D8A4E-6491-4BC1-886C-C2DA94927786}.Release|x64.Build.0 = Release|Any CPU
		{DC9D8A4E-6491-4BC1-886C-C2DA94927786}.Release|x86.ActiveCfg = Release|Any CPU
		{DC9D8A4E-6491-4BC1-886C-C2DA94927786}.Release|x86.Build.0 = Release|Any CPU
	EndGlobalSection
	GlobalSection(SolutionProperties) = preSolution
		HideSolutionNode = FALSE
	EndGlobalSection
	GlobalSection(NestedProjects) = preSolution
		{55AE3294-F228-468E-9D62-F2BAAFD40918} = {566D14F1-B2FB-463C-A627-C5EB23B763B7}
		{A55BC18A-E465-4516-98C5-26D814536907} = {E503BF43-DE57-4DB6-AF93-A5F765C94154}
		{C9941BB9-0C56-45C4-B54C-3755A868DA0D} = {E503BF43-DE57-4DB6-AF93-A5F765C94154}
		{E3E28F5C-3F96-4634-9528-10C23F2478DF} = {2DFA918F-9417-49B8-9FDA-E2231179978C}
		{6C5945E8-44F9-4898-AB78-FF0D85F5515B} = {2DFA918F-9417-49B8-9FDA-E2231179978C}
		{B78FC2FE-F107-49AB-95FC-E7F4559C879A} = {2DFA918F-9417-49B8-9FDA-E2231179978C}
		{83419656-8137-4AEB-9A5B-74C7B85621F6} = {2DFA918F-9417-49B8-9FDA-E2231179978C}
		{9B062109-5E21-46CD-BDD1-315529E585E8} = {E503BF43-DE57-4DB6-AF93-A5F765C94154}
		{E503BF43-DE57-4DB6-AF93-A5F765C94154} = {2587AE99-7624-47E4-B6B8-79EC67346F67}
		{566D14F1-B2FB-463C-A627-C5EB23B763B7} = {2587AE99-7624-47E4-B6B8-79EC67346F67}
		{DB1AE536-72C2-4CCD-A7D9-0A79AAEEDA54} = {2587AE99-7624-47E4-B6B8-79EC67346F67}
		{A4D17AA8-D918-45FD-9CCA-3FC5ECCDBD97} = {566D14F1-B2FB-463C-A627-C5EB23B763B7}
		{7B174F1E-2091-4D48-9111-B52531C1B865} = {2587AE99-7624-47E4-B6B8-79EC67346F67}
		{DC9D8A4E-6491-4BC1-886C-C2DA94927786} = {566D14F1-B2FB-463C-A627-C5EB23B763B7}
	EndGlobalSection
	GlobalSection(ExtensibilityGlobals) = postSolution
		SolutionGuid = {B979A335-AE81-406A-AADA-F236549D23D3}
	EndGlobalSection
EndGlobal
