
Microsoft Visual Studio Solution File, Format Version 12.00
# Visual Studio Version 16
VisualStudioVersion = 16.0.29613.14
MinimumVisualStudioVersion = 15.0.26124.0
Project("{9A19103F-16F7-4668-BE54-9A1E7A4F7556}") = "Logger", "Logger\Logger.csproj", "{55AE3294-F228-468E-9D62-F2BAAFD40918}"
EndProject
Project("{9A19103F-16F7-4668-BE54-9A1E7A4F7556}") = "ServerHost", "ServerHost\ServerHost.csproj", "{A55BC18A-E465-4516-98C5-26D814536907}"
EndProject
Project("{9A19103F-16F7-4668-BE54-9A1E7A4F7556}") = "WasmHost", "WasmHost\WasmHost.csproj", "{C9941BB9-0C56-45C4-B54C-3755A868DA0D}"
EndProject
Project("{2150E333-8FDC-42A3-9474-1A3956D46DE8}") = "Solution Items", "Solution Items", "{02660401-5C19-4019-9294-1928A4EE6A62}"
	ProjectSection(SolutionItems) = preProject
		Directory.Build.props = Directory.Build.props
		Directory.Build.targets = Directory.Build.targets
		LocalNugetVersion.props = LocalNugetVersion.props
		NuGet.Config = NuGet.Config
	EndProjectSection
EndProject
Global
	GlobalSection(SolutionConfigurationPlatforms) = preSolution
		Debug|Any CPU = Debug|Any CPU
		Debug|x64 = Debug|x64
		Debug|x86 = Debug|x86
		Release|Any CPU = Release|Any CPU
		Release|x64 = Release|x64
		Release|x86 = Release|x86
	EndGlobalSection
	GlobalSection(ProjectConfigurationPlatforms) = postSolution
		{55AE3294-F228-468E-9D62-F2BAAFD40918}.Debug|Any CPU.ActiveCfg = Debug|Any CPU
		{55AE3294-F228-468E-9D62-F2BAAFD40918}.Debug|Any CPU.Build.0 = Debug|Any CPU
		{55AE3294-F228-468E-9D62-F2BAAFD40918}.Debug|x64.ActiveCfg = Debug|Any CPU
		{55AE3294-F228-468E-9D62-F2BAAFD40918}.Debug|x64.Build.0 = Debug|Any CPU
		{55AE3294-F228-468E-9D62-F2BAAFD40918}.Debug|x86.ActiveCfg = Debug|Any CPU
		{55AE3294-F228-468E-9D62-F2BAAFD40918}.Debug|x86.Build.0 = Debug|Any CPU
		{55AE3294-F228-468E-9D62-F2BAAFD40918}.Release|Any CPU.ActiveCfg = Release|Any CPU
		{55AE3294-F228-468E-9D62-F2BAAFD40918}.Release|Any CPU.Build.0 = Release|Any CPU
		{55AE3294-F228-468E-9D62-F2BAAFD40918}.Release|x64.ActiveCfg = Release|Any CPU
		{55AE3294-F228-468E-9D62-F2BAAFD40918}.Release|x64.Build.0 = Release|Any CPU
		{55AE3294-F228-468E-9D62-F2BAAFD40918}.Release|x86.ActiveCfg = Release|Any CPU
		{55AE3294-F228-468E-9D62-F2BAAFD40918}.Release|x86.Build.0 = Release|Any CPU
		{A55BC18A-E465-4516-98C5-26D814536907}.Debug|Any CPU.ActiveCfg = Debug|Any CPU
		{A55BC18A-E465-4516-98C5-26D814536907}.Debug|Any CPU.Build.0 = Debug|Any CPU
		{A55BC18A-E465-4516-98C5-26D814536907}.Debug|x64.ActiveCfg = Debug|Any CPU
		{A55BC18A-E465-4516-98C5-26D814536907}.Debug|x64.Build.0 = Debug|Any CPU
		{A55BC18A-E465-4516-98C5-26D814536907}.Debug|x86.ActiveCfg = Debug|Any CPU
		{A55BC18A-E465-4516-98C5-26D814536907}.Debug|x86.Build.0 = Debug|Any CPU
		{A55BC18A-E465-4516-98C5-26D814536907}.Release|Any CPU.ActiveCfg = Release|Any CPU
		{A55BC18A-E465-4516-98C5-26D814536907}.Release|Any CPU.Build.0 = Release|Any CPU
		{A55BC18A-E465-4516-98C5-26D814536907}.Release|x64.ActiveCfg = Release|Any CPU
		{A55BC18A-E465-4516-98C5-26D814536907}.Release|x64.Build.0 = Release|Any CPU
		{A55BC18A-E465-4516-98C5-26D814536907}.Release|x86.ActiveCfg = Release|Any CPU
		{A55BC18A-E465-4516-98C5-26D814536907}.Release|x86.Build.0 = Release|Any CPU
		{C9941BB9-0C56-45C4-B54C-3755A868DA0D}.Debug|Any CPU.ActiveCfg = Debug|Any CPU
		{C9941BB9-0C56-45C4-B54C-3755A868DA0D}.Debug|Any CPU.Build.0 = Debug|Any CPU
		{C9941BB9-0C56-45C4-B54C-3755A868DA0D}.Debug|x64.ActiveCfg = Debug|Any CPU
		{C9941BB9-0C56-45C4-B54C-3755A868DA0D}.Debug|x64.Build.0 = Debug|Any CPU
		{C9941BB9-0C56-45C4-B54C-3755A868DA0D}.Debug|x86.ActiveCfg = Debug|Any CPU
		{C9941BB9-0C56-45C4-B54C-3755A868DA0D}.Debug|x86.Build.0 = Debug|Any CPU
		{C9941BB9-0C56-45C4-B54C-3755A868DA0D}.Release|Any CPU.ActiveCfg = Release|Any CPU
		{C9941BB9-0C56-45C4-B54C-3755A868DA0D}.Release|Any CPU.Build.0 = Release|Any CPU
		{C9941BB9-0C56-45C4-B54C-3755A868DA0D}.Release|x64.ActiveCfg = Release|Any CPU
		{C9941BB9-0C56-45C4-B54C-3755A868DA0D}.Release|x64.Build.0 = Release|Any CPU
		{C9941BB9-0C56-45C4-B54C-3755A868DA0D}.Release|x86.ActiveCfg = Release|Any CPU
		{C9941BB9-0C56-45C4-B54C-3755A868DA0D}.Release|x86.Build.0 = Release|Any CPU
	EndGlobalSection
	GlobalSection(SolutionProperties) = preSolution
		HideSolutionNode = FALSE
	EndGlobalSection
	GlobalSection(ExtensibilityGlobals) = postSolution
		SolutionGuid = {B979A335-AE81-406A-AADA-F236549D23D3}
	EndGlobalSection
EndGlobal
