
Microsoft Visual Studio Solution File, Format Version 12.00
# Visual Studio Version 16
VisualStudioVersion = 16.0.29613.14
MinimumVisualStudioVersion = 15.0.26124.0
Project("{2150E333-8FDC-42A3-9474-1A3956D46DE8}") = "src", "src", "{7A7C9856-CA0D-4655-8AF9-4BF60D997ACB}"
	ProjectSection(SolutionItems) = preProject
		src\Directory.Build.props = src\Directory.Build.props
	EndProjectSection
EndProject
Project("{9A19103F-16F7-4668-BE54-9A1E7A4F7556}") = "AssemblyLoader", "src\AssemblyLoader\AssemblyLoader.csproj", "{BA733883-4EB1-4BD3-91EB-6414814196E3}"
EndProject
Project("{9A19103F-16F7-4668-BE54-9A1E7A4F7556}") = "AssemblyLoader.Wasm", "src\AssemblyLoader.Wasm\AssemblyLoader.Wasm.csproj", "{2E031DBF-19C0-40F1-A77F-39F7429081BA}"
EndProject
Project("{9A19103F-16F7-4668-BE54-9A1E7A4F7556}") = "AssemblyLoader.Server", "src\AssemblyLoader.Server\AssemblyLoader.Server.csproj", "{BFC6F53C-1292-48AE-A95D-3D53148AB22B}"
EndProject
Project("{2150E333-8FDC-42A3-9474-1A3956D46DE8}") = "nuget", "nuget", "{593AE082-BD15-4FEB-8DC2-20D4ABA3AFD4}"
	ProjectSection(SolutionItems) = preProject
		nuget\Directory.Build.props = nuget\Directory.Build.props
		nuget\GitVersion.proj_ = nuget\GitVersion.proj_
		nuget\NugetCommon.props = nuget\NugetCommon.props
	EndProjectSection
EndProject
Project("{9A19103F-16F7-4668-BE54-9A1E7A4F7556}") = "BlazorLazyLoading.Wasm", "nuget\BlazorLazyLoading.Wasm\BlazorLazyLoading.Wasm.csproj", "{36FDF188-E5B9-4E1C-8EB7-707DE44AB77F}"
EndProject
Project("{2150E333-8FDC-42A3-9474-1A3956D46DE8}") = "global", "global", "{AE8E1C15-B862-43CB-AC0E-94B83BE0A250}"
	ProjectSection(SolutionItems) = preProject
		.gitignore = .gitignore
		Directory.Build.props = Directory.Build.props
		..\GitVersion.yml = ..\GitVersion.yml
		nuget.config = nuget.config
	EndProjectSection
EndProject
Project("{9A19103F-16F7-4668-BE54-9A1E7A4F7556}") = "BlazorLazyLoading.Server", "nuget\BlazorLazyLoading.Server\BlazorLazyLoading.Server.csproj", "{B14D3B51-3320-46B7-8815-0FF3F18DBCB3}"
EndProject
Project("{9A19103F-16F7-4668-BE54-9A1E7A4F7556}") = "BlazorLazyLoading.Module", "nuget\BlazorLazyLoading.Module\BlazorLazyLoading.Module.csproj", "{0DE40B36-69C4-4F1C-B419-B9A4DB9CFC8D}"
EndProject
Project("{9A19103F-16F7-4668-BE54-9A1E7A4F7556}") = "ManifestGenerator", "src\ManifestGenerator\ManifestGenerator.csproj", "{DF18C6BF-F2D7-45B9-BB90-B3E6418AB36C}"
EndProject
Project("{9A19103F-16F7-4668-BE54-9A1E7A4F7556}") = "BlazorLazyLoading.Components", "nuget\BlazorLazyLoading.Components\BlazorLazyLoading.Components.csproj", "{D5DC7943-2F45-4EDE-AF78-592A6A153671}"
EndProject
Project("{9A19103F-16F7-4668-BE54-9A1E7A4F7556}") = "LazyComponents", "src\LazyComponents\LazyComponents.csproj", "{4265A87B-BD94-413F-8883-BA3D1A3C0BC1}"
EndProject
Project("{9A19103F-16F7-4668-BE54-9A1E7A4F7556}") = "ManifestReader", "src\ManifestReader\ManifestReader.csproj", "{10AB33A5-80F4-4D02-9DBE-0484C3BB6954}"
EndProject
Project("{2150E333-8FDC-42A3-9474-1A3956D46DE8}") = "AssemblyLoading", "AssemblyLoading", "{9E765815-21C8-4920-B6C4-B072C5A5DEE3}"
EndProject
Project("{2150E333-8FDC-42A3-9474-1A3956D46DE8}") = "Components", "Components", "{43806489-02DC-4E72-A983-40B4B6113D27}"
EndProject
Project("{2150E333-8FDC-42A3-9474-1A3956D46DE8}") = "Manifest", "Manifest", "{2B3516BB-63DC-46FA-ADE9-A1A4BF05F513}"
EndProject
Project("{2150E333-8FDC-42A3-9474-1A3956D46DE8}") = "demo", "demo", "{38184F2E-7DDA-4F92-B730-85637350E56F}"
EndProject
Project("{9A19103F-16F7-4668-BE54-9A1E7A4F7556}") = "ServerHost", "..\demo\ServerHost\ServerHost.csproj", "{2EF3EB2F-0E00-4554-8EDC-7CEEE5C7B899}"
EndProject
Project("{9A19103F-16F7-4668-BE54-9A1E7A4F7556}") = "WasmHost", "..\demo\WasmHost\WasmHost.csproj", "{D2DF44FE-098D-48EF-925B-F71DFDD7134D}"
EndProject
Global
	GlobalSection(SolutionConfigurationPlatforms) = preSolution
		Debug|Any CPU = Debug|Any CPU
		Debug|x64 = Debug|x64
		Debug|x86 = Debug|x86
		Release|Any CPU = Release|Any CPU
		Release|x64 = Release|x64
		Release|x86 = Release|x86
	EndGlobalSection
	GlobalSection(ProjectConfigurationPlatforms) = postSolution
		{BA733883-4EB1-4BD3-91EB-6414814196E3}.Debug|Any CPU.ActiveCfg = Debug|Any CPU
		{BA733883-4EB1-4BD3-91EB-6414814196E3}.Debug|Any CPU.Build.0 = Debug|Any CPU
		{BA733883-4EB1-4BD3-91EB-6414814196E3}.Debug|x64.ActiveCfg = Debug|Any CPU
		{BA733883-4EB1-4BD3-91EB-6414814196E3}.Debug|x64.Build.0 = Debug|Any CPU
		{BA733883-4EB1-4BD3-91EB-6414814196E3}.Debug|x86.ActiveCfg = Debug|Any CPU
		{BA733883-4EB1-4BD3-91EB-6414814196E3}.Debug|x86.Build.0 = Debug|Any CPU
		{BA733883-4EB1-4BD3-91EB-6414814196E3}.Release|Any CPU.ActiveCfg = Release|Any CPU
		{BA733883-4EB1-4BD3-91EB-6414814196E3}.Release|Any CPU.Build.0 = Release|Any CPU
		{BA733883-4EB1-4BD3-91EB-6414814196E3}.Release|x64.ActiveCfg = Release|Any CPU
		{BA733883-4EB1-4BD3-91EB-6414814196E3}.Release|x64.Build.0 = Release|Any CPU
		{BA733883-4EB1-4BD3-91EB-6414814196E3}.Release|x86.ActiveCfg = Release|Any CPU
		{BA733883-4EB1-4BD3-91EB-6414814196E3}.Release|x86.Build.0 = Release|Any CPU
		{2E031DBF-19C0-40F1-A77F-39F7429081BA}.Debug|Any CPU.ActiveCfg = Debug|Any CPU
		{2E031DBF-19C0-40F1-A77F-39F7429081BA}.Debug|Any CPU.Build.0 = Debug|Any CPU
		{2E031DBF-19C0-40F1-A77F-39F7429081BA}.Debug|x64.ActiveCfg = Debug|Any CPU
		{2E031DBF-19C0-40F1-A77F-39F7429081BA}.Debug|x64.Build.0 = Debug|Any CPU
		{2E031DBF-19C0-40F1-A77F-39F7429081BA}.Debug|x86.ActiveCfg = Debug|Any CPU
		{2E031DBF-19C0-40F1-A77F-39F7429081BA}.Debug|x86.Build.0 = Debug|Any CPU
		{2E031DBF-19C0-40F1-A77F-39F7429081BA}.Release|Any CPU.ActiveCfg = Release|Any CPU
		{2E031DBF-19C0-40F1-A77F-39F7429081BA}.Release|Any CPU.Build.0 = Release|Any CPU
		{2E031DBF-19C0-40F1-A77F-39F7429081BA}.Release|x64.ActiveCfg = Release|Any CPU
		{2E031DBF-19C0-40F1-A77F-39F7429081BA}.Release|x64.Build.0 = Release|Any CPU
		{2E031DBF-19C0-40F1-A77F-39F7429081BA}.Release|x86.ActiveCfg = Release|Any CPU
		{2E031DBF-19C0-40F1-A77F-39F7429081BA}.Release|x86.Build.0 = Release|Any CPU
		{BFC6F53C-1292-48AE-A95D-3D53148AB22B}.Debug|Any CPU.ActiveCfg = Debug|Any CPU
		{BFC6F53C-1292-48AE-A95D-3D53148AB22B}.Debug|Any CPU.Build.0 = Debug|Any CPU
		{BFC6F53C-1292-48AE-A95D-3D53148AB22B}.Debug|x64.ActiveCfg = Debug|Any CPU
		{BFC6F53C-1292-48AE-A95D-3D53148AB22B}.Debug|x64.Build.0 = Debug|Any CPU
		{BFC6F53C-1292-48AE-A95D-3D53148AB22B}.Debug|x86.ActiveCfg = Debug|Any CPU
		{BFC6F53C-1292-48AE-A95D-3D53148AB22B}.Debug|x86.Build.0 = Debug|Any CPU
		{BFC6F53C-1292-48AE-A95D-3D53148AB22B}.Release|Any CPU.ActiveCfg = Release|Any CPU
		{BFC6F53C-1292-48AE-A95D-3D53148AB22B}.Release|Any CPU.Build.0 = Release|Any CPU
		{BFC6F53C-1292-48AE-A95D-3D53148AB22B}.Release|x64.ActiveCfg = Release|Any CPU
		{BFC6F53C-1292-48AE-A95D-3D53148AB22B}.Release|x64.Build.0 = Release|Any CPU
		{BFC6F53C-1292-48AE-A95D-3D53148AB22B}.Release|x86.ActiveCfg = Release|Any CPU
		{BFC6F53C-1292-48AE-A95D-3D53148AB22B}.Release|x86.Build.0 = Release|Any CPU
		{36FDF188-E5B9-4E1C-8EB7-707DE44AB77F}.Debug|Any CPU.ActiveCfg = Debug|Any CPU
		{36FDF188-E5B9-4E1C-8EB7-707DE44AB77F}.Debug|Any CPU.Build.0 = Debug|Any CPU
		{36FDF188-E5B9-4E1C-8EB7-707DE44AB77F}.Debug|x64.ActiveCfg = Debug|Any CPU
		{36FDF188-E5B9-4E1C-8EB7-707DE44AB77F}.Debug|x64.Build.0 = Debug|Any CPU
		{36FDF188-E5B9-4E1C-8EB7-707DE44AB77F}.Debug|x86.ActiveCfg = Debug|Any CPU
		{36FDF188-E5B9-4E1C-8EB7-707DE44AB77F}.Debug|x86.Build.0 = Debug|Any CPU
		{36FDF188-E5B9-4E1C-8EB7-707DE44AB77F}.Release|Any CPU.ActiveCfg = Release|Any CPU
		{36FDF188-E5B9-4E1C-8EB7-707DE44AB77F}.Release|Any CPU.Build.0 = Release|Any CPU
		{36FDF188-E5B9-4E1C-8EB7-707DE44AB77F}.Release|x64.ActiveCfg = Release|Any CPU
		{36FDF188-E5B9-4E1C-8EB7-707DE44AB77F}.Release|x64.Build.0 = Release|Any CPU
		{36FDF188-E5B9-4E1C-8EB7-707DE44AB77F}.Release|x86.ActiveCfg = Release|Any CPU
		{36FDF188-E5B9-4E1C-8EB7-707DE44AB77F}.Release|x86.Build.0 = Release|Any CPU
		{B14D3B51-3320-46B7-8815-0FF3F18DBCB3}.Debug|Any CPU.ActiveCfg = Debug|Any CPU
		{B14D3B51-3320-46B7-8815-0FF3F18DBCB3}.Debug|Any CPU.Build.0 = Debug|Any CPU
		{B14D3B51-3320-46B7-8815-0FF3F18DBCB3}.Debug|x64.ActiveCfg = Debug|Any CPU
		{B14D3B51-3320-46B7-8815-0FF3F18DBCB3}.Debug|x64.Build.0 = Debug|Any CPU
		{B14D3B51-3320-46B7-8815-0FF3F18DBCB3}.Debug|x86.ActiveCfg = Debug|Any CPU
		{B14D3B51-3320-46B7-8815-0FF3F18DBCB3}.Debug|x86.Build.0 = Debug|Any CPU
		{B14D3B51-3320-46B7-8815-0FF3F18DBCB3}.Release|Any CPU.ActiveCfg = Release|Any CPU
		{B14D3B51-3320-46B7-8815-0FF3F18DBCB3}.Release|Any CPU.Build.0 = Release|Any CPU
		{B14D3B51-3320-46B7-8815-0FF3F18DBCB3}.Release|x64.ActiveCfg = Release|Any CPU
		{B14D3B51-3320-46B7-8815-0FF3F18DBCB3}.Release|x64.Build.0 = Release|Any CPU
		{B14D3B51-3320-46B7-8815-0FF3F18DBCB3}.Release|x86.ActiveCfg = Release|Any CPU
		{B14D3B51-3320-46B7-8815-0FF3F18DBCB3}.Release|x86.Build.0 = Release|Any CPU
		{0DE40B36-69C4-4F1C-B419-B9A4DB9CFC8D}.Debug|Any CPU.ActiveCfg = Debug|Any CPU
		{0DE40B36-69C4-4F1C-B419-B9A4DB9CFC8D}.Debug|Any CPU.Build.0 = Debug|Any CPU
		{0DE40B36-69C4-4F1C-B419-B9A4DB9CFC8D}.Debug|x64.ActiveCfg = Debug|Any CPU
		{0DE40B36-69C4-4F1C-B419-B9A4DB9CFC8D}.Debug|x64.Build.0 = Debug|Any CPU
		{0DE40B36-69C4-4F1C-B419-B9A4DB9CFC8D}.Debug|x86.ActiveCfg = Debug|Any CPU
		{0DE40B36-69C4-4F1C-B419-B9A4DB9CFC8D}.Debug|x86.Build.0 = Debug|Any CPU
		{0DE40B36-69C4-4F1C-B419-B9A4DB9CFC8D}.Release|Any CPU.ActiveCfg = Release|Any CPU
		{0DE40B36-69C4-4F1C-B419-B9A4DB9CFC8D}.Release|Any CPU.Build.0 = Release|Any CPU
		{0DE40B36-69C4-4F1C-B419-B9A4DB9CFC8D}.Release|x64.ActiveCfg = Release|Any CPU
		{0DE40B36-69C4-4F1C-B419-B9A4DB9CFC8D}.Release|x64.Build.0 = Release|Any CPU
		{0DE40B36-69C4-4F1C-B419-B9A4DB9CFC8D}.Release|x86.ActiveCfg = Release|Any CPU
		{0DE40B36-69C4-4F1C-B419-B9A4DB9CFC8D}.Release|x86.Build.0 = Release|Any CPU
		{DF18C6BF-F2D7-45B9-BB90-B3E6418AB36C}.Debug|Any CPU.ActiveCfg = Debug|Any CPU
		{DF18C6BF-F2D7-45B9-BB90-B3E6418AB36C}.Debug|Any CPU.Build.0 = Debug|Any CPU
		{DF18C6BF-F2D7-45B9-BB90-B3E6418AB36C}.Debug|x64.ActiveCfg = Debug|Any CPU
		{DF18C6BF-F2D7-45B9-BB90-B3E6418AB36C}.Debug|x64.Build.0 = Debug|Any CPU
		{DF18C6BF-F2D7-45B9-BB90-B3E6418AB36C}.Debug|x86.ActiveCfg = Debug|Any CPU
		{DF18C6BF-F2D7-45B9-BB90-B3E6418AB36C}.Debug|x86.Build.0 = Debug|Any CPU
		{DF18C6BF-F2D7-45B9-BB90-B3E6418AB36C}.Release|Any CPU.ActiveCfg = Release|Any CPU
		{DF18C6BF-F2D7-45B9-BB90-B3E6418AB36C}.Release|Any CPU.Build.0 = Release|Any CPU
		{DF18C6BF-F2D7-45B9-BB90-B3E6418AB36C}.Release|x64.ActiveCfg = Release|Any CPU
		{DF18C6BF-F2D7-45B9-BB90-B3E6418AB36C}.Release|x64.Build.0 = Release|Any CPU
		{DF18C6BF-F2D7-45B9-BB90-B3E6418AB36C}.Release|x86.ActiveCfg = Release|Any CPU
		{DF18C6BF-F2D7-45B9-BB90-B3E6418AB36C}.Release|x86.Build.0 = Release|Any CPU
		{D5DC7943-2F45-4EDE-AF78-592A6A153671}.Debug|Any CPU.ActiveCfg = Debug|Any CPU
		{D5DC7943-2F45-4EDE-AF78-592A6A153671}.Debug|Any CPU.Build.0 = Debug|Any CPU
		{D5DC7943-2F45-4EDE-AF78-592A6A153671}.Debug|x64.ActiveCfg = Debug|Any CPU
		{D5DC7943-2F45-4EDE-AF78-592A6A153671}.Debug|x64.Build.0 = Debug|Any CPU
		{D5DC7943-2F45-4EDE-AF78-592A6A153671}.Debug|x86.ActiveCfg = Debug|Any CPU
		{D5DC7943-2F45-4EDE-AF78-592A6A153671}.Debug|x86.Build.0 = Debug|Any CPU
		{D5DC7943-2F45-4EDE-AF78-592A6A153671}.Release|Any CPU.ActiveCfg = Release|Any CPU
		{D5DC7943-2F45-4EDE-AF78-592A6A153671}.Release|Any CPU.Build.0 = Release|Any CPU
		{D5DC7943-2F45-4EDE-AF78-592A6A153671}.Release|x64.ActiveCfg = Release|Any CPU
		{D5DC7943-2F45-4EDE-AF78-592A6A153671}.Release|x64.Build.0 = Release|Any CPU
		{D5DC7943-2F45-4EDE-AF78-592A6A153671}.Release|x86.ActiveCfg = Release|Any CPU
		{D5DC7943-2F45-4EDE-AF78-592A6A153671}.Release|x86.Build.0 = Release|Any CPU
		{4265A87B-BD94-413F-8883-BA3D1A3C0BC1}.Debug|Any CPU.ActiveCfg = Debug|Any CPU
		{4265A87B-BD94-413F-8883-BA3D1A3C0BC1}.Debug|Any CPU.Build.0 = Debug|Any CPU
		{4265A87B-BD94-413F-8883-BA3D1A3C0BC1}.Debug|x64.ActiveCfg = Debug|Any CPU
		{4265A87B-BD94-413F-8883-BA3D1A3C0BC1}.Debug|x64.Build.0 = Debug|Any CPU
		{4265A87B-BD94-413F-8883-BA3D1A3C0BC1}.Debug|x86.ActiveCfg = Debug|Any CPU
		{4265A87B-BD94-413F-8883-BA3D1A3C0BC1}.Debug|x86.Build.0 = Debug|Any CPU
		{4265A87B-BD94-413F-8883-BA3D1A3C0BC1}.Release|Any CPU.ActiveCfg = Release|Any CPU
		{4265A87B-BD94-413F-8883-BA3D1A3C0BC1}.Release|Any CPU.Build.0 = Release|Any CPU
		{4265A87B-BD94-413F-8883-BA3D1A3C0BC1}.Release|x64.ActiveCfg = Release|Any CPU
		{4265A87B-BD94-413F-8883-BA3D1A3C0BC1}.Release|x64.Build.0 = Release|Any CPU
		{4265A87B-BD94-413F-8883-BA3D1A3C0BC1}.Release|x86.ActiveCfg = Release|Any CPU
		{4265A87B-BD94-413F-8883-BA3D1A3C0BC1}.Release|x86.Build.0 = Release|Any CPU
		{10AB33A5-80F4-4D02-9DBE-0484C3BB6954}.Debug|Any CPU.ActiveCfg = Debug|Any CPU
		{10AB33A5-80F4-4D02-9DBE-0484C3BB6954}.Debug|Any CPU.Build.0 = Debug|Any CPU
		{10AB33A5-80F4-4D02-9DBE-0484C3BB6954}.Debug|x64.ActiveCfg = Debug|Any CPU
		{10AB33A5-80F4-4D02-9DBE-0484C3BB6954}.Debug|x64.Build.0 = Debug|Any CPU
		{10AB33A5-80F4-4D02-9DBE-0484C3BB6954}.Debug|x86.ActiveCfg = Debug|Any CPU
		{10AB33A5-80F4-4D02-9DBE-0484C3BB6954}.Debug|x86.Build.0 = Debug|Any CPU
		{10AB33A5-80F4-4D02-9DBE-0484C3BB6954}.Release|Any CPU.ActiveCfg = Release|Any CPU
		{10AB33A5-80F4-4D02-9DBE-0484C3BB6954}.Release|Any CPU.Build.0 = Release|Any CPU
		{10AB33A5-80F4-4D02-9DBE-0484C3BB6954}.Release|x64.ActiveCfg = Release|Any CPU
		{10AB33A5-80F4-4D02-9DBE-0484C3BB6954}.Release|x64.Build.0 = Release|Any CPU
		{10AB33A5-80F4-4D02-9DBE-0484C3BB6954}.Release|x86.ActiveCfg = Release|Any CPU
		{10AB33A5-80F4-4D02-9DBE-0484C3BB6954}.Release|x86.Build.0 = Release|Any CPU
		{2EF3EB2F-0E00-4554-8EDC-7CEEE5C7B899}.Debug|Any CPU.ActiveCfg = Debug|Any CPU
		{2EF3EB2F-0E00-4554-8EDC-7CEEE5C7B899}.Debug|x64.ActiveCfg = Debug|Any CPU
		{2EF3EB2F-0E00-4554-8EDC-7CEEE5C7B899}.Debug|x86.ActiveCfg = Debug|Any CPU
		{2EF3EB2F-0E00-4554-8EDC-7CEEE5C7B899}.Release|Any CPU.ActiveCfg = Release|Any CPU
		{2EF3EB2F-0E00-4554-8EDC-7CEEE5C7B899}.Release|x64.ActiveCfg = Release|Any CPU
		{2EF3EB2F-0E00-4554-8EDC-7CEEE5C7B899}.Release|x86.ActiveCfg = Release|Any CPU
		{D2DF44FE-098D-48EF-925B-F71DFDD7134D}.Debug|Any CPU.ActiveCfg = Debug|Any CPU
		{D2DF44FE-098D-48EF-925B-F71DFDD7134D}.Debug|x64.ActiveCfg = Debug|Any CPU
		{D2DF44FE-098D-48EF-925B-F71DFDD7134D}.Debug|x86.ActiveCfg = Debug|Any CPU
		{D2DF44FE-098D-48EF-925B-F71DFDD7134D}.Release|Any CPU.ActiveCfg = Release|Any CPU
		{D2DF44FE-098D-48EF-925B-F71DFDD7134D}.Release|x64.ActiveCfg = Release|Any CPU
		{D2DF44FE-098D-48EF-925B-F71DFDD7134D}.Release|x86.ActiveCfg = Release|Any CPU
	EndGlobalSection
	GlobalSection(SolutionProperties) = preSolution
		HideSolutionNode = FALSE
	EndGlobalSection
	GlobalSection(NestedProjects) = preSolution
		{BA733883-4EB1-4BD3-91EB-6414814196E3} = {9E765815-21C8-4920-B6C4-B072C5A5DEE3}
		{2E031DBF-19C0-40F1-A77F-39F7429081BA} = {9E765815-21C8-4920-B6C4-B072C5A5DEE3}
		{BFC6F53C-1292-48AE-A95D-3D53148AB22B} = {9E765815-21C8-4920-B6C4-B072C5A5DEE3}
		{36FDF188-E5B9-4E1C-8EB7-707DE44AB77F} = {593AE082-BD15-4FEB-8DC2-20D4ABA3AFD4}
		{B14D3B51-3320-46B7-8815-0FF3F18DBCB3} = {593AE082-BD15-4FEB-8DC2-20D4ABA3AFD4}
		{0DE40B36-69C4-4F1C-B419-B9A4DB9CFC8D} = {593AE082-BD15-4FEB-8DC2-20D4ABA3AFD4}
		{DF18C6BF-F2D7-45B9-BB90-B3E6418AB36C} = {2B3516BB-63DC-46FA-ADE9-A1A4BF05F513}
		{D5DC7943-2F45-4EDE-AF78-592A6A153671} = {593AE082-BD15-4FEB-8DC2-20D4ABA3AFD4}
		{4265A87B-BD94-413F-8883-BA3D1A3C0BC1} = {43806489-02DC-4E72-A983-40B4B6113D27}
		{10AB33A5-80F4-4D02-9DBE-0484C3BB6954} = {2B3516BB-63DC-46FA-ADE9-A1A4BF05F513}
		{9E765815-21C8-4920-B6C4-B072C5A5DEE3} = {7A7C9856-CA0D-4655-8AF9-4BF60D997ACB}
		{43806489-02DC-4E72-A983-40B4B6113D27} = {7A7C9856-CA0D-4655-8AF9-4BF60D997ACB}
		{2B3516BB-63DC-46FA-ADE9-A1A4BF05F513} = {7A7C9856-CA0D-4655-8AF9-4BF60D997ACB}
		{2EF3EB2F-0E00-4554-8EDC-7CEEE5C7B899} = {38184F2E-7DDA-4F92-B730-85637350E56F}
		{D2DF44FE-098D-48EF-925B-F71DFDD7134D} = {38184F2E-7DDA-4F92-B730-85637350E56F}
	EndGlobalSection
	GlobalSection(ExtensibilityGlobals) = postSolution
		SolutionGuid = {FE945EF4-4832-4073-8FD8-D1517AE90E21}
	EndGlobalSection
EndGlobal
